
Microsoft Visual Studio Solution File, Format Version 12.00
# Visual Studio Version 17
VisualStudioVersion = 17.0.32112.339
MinimumVisualStudioVersion = 10.0.40219.1
Project("{FAE04EC0-301F-11D3-BF4B-00C04F79EFBC}") = "TouchEffectBug.Android", "TouchEffectBug.Android\TouchEffectBug.Android.csproj", "{8B7B35A2-388E-4F3E-9B86-9ED22289C94C}"
EndProject
Project("{9A19103F-16F7-4668-BE54-9A1E7A4F7556}") = "TouchEffectBug", "TouchEffectBug\TouchEffectBug.csproj", "{A67DE94E-95E2-4632-AF06-A73BE6B33F0B}"
EndProject
Global
	GlobalSection(SolutionConfigurationPlatforms) = preSolution
		Debug|Any CPU = Debug|Any CPU
		Release|Any CPU = Release|Any CPU
	EndGlobalSection
	GlobalSection(ProjectConfigurationPlatforms) = postSolution
		{8B7B35A2-388E-4F3E-9B86-9ED22289C94C}.Debug|Any CPU.ActiveCfg = Debug|Any CPU
		{8B7B35A2-388E-4F3E-9B86-9ED22289C94C}.Debug|Any CPU.Build.0 = Debug|Any CPU
		{8B7B35A2-388E-4F3E-9B86-9ED22289C94C}.Debug|Any CPU.Deploy.0 = Debug|Any CPU
		{8B7B35A2-388E-4F3E-9B86-9ED22289C94C}.Release|Any CPU.ActiveCfg = Release|Any CPU
		{8B7B35A2-388E-4F3E-9B86-9ED22289C94C}.Release|Any CPU.Build.0 = Release|Any CPU
		{8B7B35A2-388E-4F3E-9B86-9ED22289C94C}.Release|Any CPU.Deploy.0 = Release|Any CPU
		{A67DE94E-95E2-4632-AF06-A73BE6B33F0B}.Debug|Any CPU.ActiveCfg = Debug|Any CPU
		{A67DE94E-95E2-4632-AF06-A73BE6B33F0B}.Debug|Any CPU.Build.0 = Debug|Any CPU
		{A67DE94E-95E2-4632-AF06-A73BE6B33F0B}.Release|Any CPU.ActiveCfg = Release|Any CPU
		{A67DE94E-95E2-4632-AF06-A73BE6B33F0B}.Release|Any CPU.Build.0 = Release|Any CPU
	EndGlobalSection
	GlobalSection(SolutionProperties) = preSolution
		HideSolutionNode = FALSE
	EndGlobalSection
	GlobalSection(ExtensibilityGlobals) = postSolution
		SolutionGuid = {4B6DA351-E14B-4E57-9AA5-C4932D02E3E8}
	EndGlobalSection
EndGlobal
